schema: '2.0'
stages:
  data_ingestion:
    cmd: python src/data/data_ingestion.py
    deps:
    - path: src/data/data_ingestion.py
      hash: md5
      md5: 6d079136ff4b4ee19309d054841774bb
      size: 3679
    outs:
    - path: data/raw
      hash: md5
      md5: fb326d2eec197669f9638afde28356bf.dir
      size: 827973
      nfiles: 2
  data_preprocessing:
    cmd: python src/data/data_preprocessing.py
    deps:
    - path: data/raw
      hash: md5
      md5: fb326d2eec197669f9638afde28356bf.dir
      size: 827973
      nfiles: 2
    - path: src/data/data_preprocessing.py
      hash: md5
      md5: bfff77ab146ae5adf542336e5e75ec04
      size: 5034
    outs:
    - path: data/interim
      hash: md5
      md5: 4aa8cc6b6cd152020830bae4441b0182.dir
      size: 566210
      nfiles: 2
  feature_engineering:
    cmd: python src/features/feature_engineering.py
    deps:
    - path: data/interim
      hash: md5
      md5: 4aa8cc6b6cd152020830bae4441b0182.dir
      size: 566210
      nfiles: 2
    - path: src/features/feature_engineering.py
      hash: md5
      md5: 5b3923cd2b202fc9037fb36908837df7
      size: 3626
    outs:
    - path: data/processed
      hash: md5
      md5: 9a1f22b721bc42fb823c771ca4491911.dir
      size: 22858310
      nfiles: 2
    - path: models/vectorizer.pkl
      hash: md5
      md5: 2daf75c2c4de41d6ef7938f52b6b1942
      size: 30207
  model_building:
    cmd: python src/model/model_building.py
    deps:
    - path: data/processed
      hash: md5
      md5: 9a1f22b721bc42fb823c771ca4491911.dir
      size: 22858310
      nfiles: 2
    - path: src/model/model_building.py
      hash: md5
      md5: 4370ae74feaea77e0fb1a7570497790d
      size: 1995
    outs:
    - path: models/model.pkl
      hash: md5
      md5: 8222a167412f5a84bf5b0e4d03d42fb6
      size: 16209
  model_evaluation:
    cmd: python src/model/model_evaluation.py
    deps:
    - path: data/processed
      hash: md5
      md5: 9a1f22b721bc42fb823c771ca4491911.dir
      size: 22858310
      nfiles: 2
    - path: models/model.pkl
      hash: md5
      md5: 8222a167412f5a84bf5b0e4d03d42fb6
      size: 16209
    - path: src/model/model_evaluation.py
      hash: md5
      md5: 19826188563a7862e0741ceed55d6116
      size: 5097
    outs:
    - path: reports/metric.json
      hash: md5
      md5: bc3d2f483e8bba847ea95be52e3eac4f
      size: 121
